
Microsoft Visual Studio Solution File, Format Version 12.00
# Visual Studio Version 16
VisualStudioVersion = 16.0.29123.88
MinimumVisualStudioVersion = 10.0.40219.1
Project("{E53339B2-1760-4266-BCC7-CA923CBCF16C}") = "docker-compose", "docker-compose.dcproj", "{F1D04EAD-D218-4DEB-A438-19A902B91E6F}"
EndProject
Project("{9A19103F-16F7-4668-BE54-9A1E7A4F7556}") = "Problemas.API", "src\services\Problems.API\Problemas.API.csproj", "{5F7D1172-0039-4B12-B9FE-F869AF624146}"
EndProject
Project("{9A19103F-16F7-4668-BE54-9A1E7A4F7556}") = "EventBus", "src\BuildingBlocks\EventBus\EventBus\EventBus.csproj", "{D8F87A13-2B23-4C28-94BC-68B21F95EF51}"
EndProject
Project("{9A19103F-16F7-4668-BE54-9A1E7A4F7556}") = "EventBusRabbitMQ", "src\BuildingBlocks\EventBus\EventBusRabbitMQ\EventBusRabbitMQ.csproj", "{DDD87E85-FC3F-4B25-977E-6D1A9A7E7D07}"
EndProject
Project("{9A19103F-16F7-4668-BE54-9A1E7A4F7556}") = "EventBusServiceBus", "src\BuildingBlocks\EventBus\EventBusServiceBus\EventBusServiceBus.csproj", "{D9870DFC-D3FA-4386-ABC3-AD1DE3F2148B}"
EndProject
Project("{9A19103F-16F7-4668-BE54-9A1E7A4F7556}") = "TSTAPI", "TSTAPI\TSTAPI.csproj", "{B56F6E06-0980-4DDD-9315-1BAC741C1EBD}"
EndProject
Project("{9A19103F-16F7-4668-BE54-9A1E7A4F7556}") = "ApiGw-Base", "src\APIGateways\ApiGw-Base\ApiGw-Base.csproj", "{D3388310-3A6B-4DB4-9488-B1BA8E272635}"
EndProject
Project("{9A19103F-16F7-4668-BE54-9A1E7A4F7556}") = "WebSPA", "src\Web\WebSPA\WebSPA.csproj", "{F3469DCB-530C-44D2-9103-3F07339A9AE1}"
EndProject
Global
	GlobalSection(SolutionConfigurationPlatforms) = preSolution
		Debug|Any CPU = Debug|Any CPU
		Release|Any CPU = Release|Any CPU
	EndGlobalSection
	GlobalSection(ProjectConfigurationPlatforms) = postSolution
		{F1D04EAD-D218-4DEB-A438-19A902B91E6F}.Debug|Any CPU.ActiveCfg = Debug|Any CPU
		{F1D04EAD-D218-4DEB-A438-19A902B91E6F}.Debug|Any CPU.Build.0 = Debug|Any CPU
		{F1D04EAD-D218-4DEB-A438-19A902B91E6F}.Release|Any CPU.ActiveCfg = Release|Any CPU
		{F1D04EAD-D218-4DEB-A438-19A902B91E6F}.Release|Any CPU.Build.0 = Release|Any CPU
		{5F7D1172-0039-4B12-B9FE-F869AF624146}.Debug|Any CPU.ActiveCfg = Debug|Any CPU
		{5F7D1172-0039-4B12-B9FE-F869AF624146}.Debug|Any CPU.Build.0 = Debug|Any CPU
		{5F7D1172-0039-4B12-B9FE-F869AF624146}.Release|Any CPU.ActiveCfg = Release|Any CPU
		{5F7D1172-0039-4B12-B9FE-F869AF624146}.Release|Any CPU.Build.0 = Release|Any CPU
		{D8F87A13-2B23-4C28-94BC-68B21F95EF51}.Debug|Any CPU.ActiveCfg = Debug|Any CPU
		{D8F87A13-2B23-4C28-94BC-68B21F95EF51}.Debug|Any CPU.Build.0 = Debug|Any CPU
		{D8F87A13-2B23-4C28-94BC-68B21F95EF51}.Release|Any CPU.ActiveCfg = Release|Any CPU
		{D8F87A13-2B23-4C28-94BC-68B21F95EF51}.Release|Any CPU.Build.0 = Release|Any CPU
		{DDD87E85-FC3F-4B25-977E-6D1A9A7E7D07}.Debug|Any CPU.ActiveCfg = Debug|Any CPU
		{DDD87E85-FC3F-4B25-977E-6D1A9A7E7D07}.Debug|Any CPU.Build.0 = Debug|Any CPU
		{DDD87E85-FC3F-4B25-977E-6D1A9A7E7D07}.Release|Any CPU.ActiveCfg = Release|Any CPU
		{DDD87E85-FC3F-4B25-977E-6D1A9A7E7D07}.Release|Any CPU.Build.0 = Release|Any CPU
		{D9870DFC-D3FA-4386-ABC3-AD1DE3F2148B}.Debug|Any CPU.ActiveCfg = Debug|Any CPU
		{D9870DFC-D3FA-4386-ABC3-AD1DE3F2148B}.Debug|Any CPU.Build.0 = Debug|Any CPU
		{D9870DFC-D3FA-4386-ABC3-AD1DE3F2148B}.Release|Any CPU.ActiveCfg = Release|Any CPU
		{D9870DFC-D3FA-4386-ABC3-AD1DE3F2148B}.Release|Any CPU.Build.0 = Release|Any CPU
		{B56F6E06-0980-4DDD-9315-1BAC741C1EBD}.Debug|Any CPU.ActiveCfg = Debug|Any CPU
		{B56F6E06-0980-4DDD-9315-1BAC741C1EBD}.Debug|Any CPU.Build.0 = Debug|Any CPU
		{B56F6E06-0980-4DDD-9315-1BAC741C1EBD}.Release|Any CPU.ActiveCfg = Release|Any CPU
		{B56F6E06-0980-4DDD-9315-1BAC741C1EBD}.Release|Any CPU.Build.0 = Release|Any CPU
		{D3388310-3A6B-4DB4-9488-B1BA8E272635}.Debug|Any CPU.ActiveCfg = Debug|Any CPU
		{D3388310-3A6B-4DB4-9488-B1BA8E272635}.Debug|Any CPU.Build.0 = Debug|Any CPU
		{D3388310-3A6B-4DB4-9488-B1BA8E272635}.Release|Any CPU.ActiveCfg = Release|Any CPU
		{D3388310-3A6B-4DB4-9488-B1BA8E272635}.Release|Any CPU.Build.0 = Release|Any CPU
		{F3469DCB-530C-44D2-9103-3F07339A9AE1}.Debug|Any CPU.ActiveCfg = Debug|Any CPU
		{F3469DCB-530C-44D2-9103-3F07339A9AE1}.Debug|Any CPU.Build.0 = Debug|Any CPU
		{F3469DCB-530C-44D2-9103-3F07339A9AE1}.Release|Any CPU.ActiveCfg = Release|Any CPU
		{F3469DCB-530C-44D2-9103-3F07339A9AE1}.Release|Any CPU.Build.0 = Release|Any CPU
	EndGlobalSection
	GlobalSection(SolutionProperties) = preSolution
		HideSolutionNode = FALSE
	EndGlobalSection
	GlobalSection(ExtensibilityGlobals) = postSolution
		SolutionGuid = {F2E8EC4C-70EF-4003-8D82-816DF485EF16}
	EndGlobalSection
EndGlobal
